{
  "name": "sbm_myreactapp",
  "version": "1.0.0",
  "lockfileVersion": 1,
  "requires": true,
  "dependencies": {
    "jainendra_myreactapp": {
      "version": "1.0.0",
      "resolved": "https://registry.npmjs.org/jainendra_myreactapp/-/jainendra_myreactapp-1.0.0.tgz",
      "integrity": "sha512-rfr9b3rG22uyTh3dmPxsNVPWeOtMBPNR1dy7sZuMcrZBLZtsa7yR911QmmtTF/BksMqIg4KQIgDgdvcO48hfhg=="
    }
  }
}
